[[package]]
name = "click"
version = "8.1.3"
description = "Composable command line interface toolkit"
category = "dev"
optional = false
python-versions = ">=3.7"

[package.dependencies]
colorama = {version = "*", markers = "platform_system == \"Windows\""}

[[package]]
name = "colorama"
version = "0.4.4"
description = "Cross-platform colored terminal text."
category = "dev"
optional = false
python-versions = ">=2.7, !=3.0.*, !=3.1.*, !=3.2.*, !=3.3.*, !=3.4.*"

[[package]]
name = "darkdetect"
version = "0.5.1"
description = "Detect OS Dark Mode from Python"
category = "main"
optional = false
python-versions = "*"

[[package]]
name = "ghp-import"
version = "2.1.0"
description = "Copy your docs directly to the gh-pages branch."
category = "dev"
optional = false
python-versions = "*"

[package.dependencies]
python-dateutil = ">=2.8.1"

[package.extras]
dev = ["twine", "markdown", "flake8", "wheel"]

[[package]]
name = "glcontext"
version = "2.3.6"
description = "Portable OpenGL Context"
category = "main"
optional = false
python-versions = "*"

[[package]]
name = "glfw"
version = "2.5.3"
description = "A ctypes-based wrapper for GLFW3."
category = "main"
optional = false
python-versions = "*"

[package.extras]
preview = ["glfw-preview"]

[[package]]
name = "importlib-metadata"
version = "4.11.3"
description = "Read metadata from Python packages"
category = "dev"
optional = false
python-versions = ">=3.7"

[package.dependencies]
zipp = ">=0.5"

[package.extras]
docs = ["sphinx", "jaraco.packaging (>=9)", "rst.linker (>=1.9)"]
perf = ["ipython"]
testing = ["pytest (>=6)", "pytest-checkdocs (>=2.4)", "pytest-flake8", "pytest-cov", "pytest-enabler (>=1.0.1)", "packaging", "pyfakefs", "flufl.flake8", "pytest-perf (>=0.9.2)", "pytest-black (>=0.3.7)", "pytest-mypy (>=0.9.1)", "importlib-resources (>=1.3)"]

[[package]]
name = "jinja2"
version = "3.1.2"
description = "A very fast and expressive template engine."
category = "dev"
optional = false
python-versions = ">=3.7"

[package.dependencies]
MarkupSafe = ">=2.0"

[package.extras]
i18n = ["Babel (>=2.7)"]

[[package]]
name = "markdown"
version = "3.3.7"
description = "Python implementation of Markdown."
category = "dev"
optional = false
python-versions = ">=3.6"

[package.extras]
testing = ["coverage", "pyyaml"]

[[package]]
name = "markupsafe"
version = "2.1.1"
description = "Safely add untrusted strings to HTML/XML markup."
category = "dev"
optional = false
python-versions = ">=3.7"

[[package]]
name = "mergedeep"
version = "1.3.4"
description = "A deep merge function for 🐍."
category = "dev"
optional = false
python-versions = ">=3.6"

[[package]]
name = "mkdocs"
version = "1.3.0"
description = "Project documentation with Markdown."
category = "dev"
optional = false
python-versions = ">=3.6"

[package.dependencies]
click = ">=3.3"
ghp-import = ">=1.0"
importlib-metadata = ">=4.3"
Jinja2 = ">=2.10.2"
Markdown = ">=3.2.1"
mergedeep = ">=1.3.4"
packaging = ">=20.5"
PyYAML = ">=3.10"
pyyaml-env-tag = ">=0.1"
watchdog = ">=2.0"

[package.extras]
i18n = ["babel (>=2.9.0)"]

[[package]]
name = "mkdocs-material"
version = "8.2.15"
description = "Documentation that simply works"
category = "dev"
optional = false
python-versions = ">=3.7"

[package.dependencies]
jinja2 = ">=2.11.1"
markdown = ">=3.2"
mkdocs = ">=1.3.0"
mkdocs-material-extensions = ">=1.0.3"
pygments = ">=2.12"
pymdown-extensions = ">=9.4"

[[package]]
name = "mkdocs-material-extensions"
version = "1.0.3"
description = "Extension pack for Python Markdown."
category = "dev"
optional = false
python-versions = ">=3.6"

[[package]]
name = "mkdocs-video"
version = "1.3.0"
description = ""
category = "dev"
optional = false
python-versions = ">=3.6"

[package.dependencies]
mkdocs = ">=1.1.0,<2"

[[package]]
name = "numpy"
version = "1.22.2"
description = "NumPy is the fundamental package for array computing with Python."
category = "main"
optional = false
python-versions = ">=3.8"

[[package]]
name = "packaging"
version = "21.3"
description = "Core utilities for Python packages"
category = "dev"
optional = false
python-versions = ">=3.6"

[package.dependencies]
pyparsing = ">=2.0.2,<3.0.5 || >3.0.5"

[[package]]
name = "pybind11"
version = "2.9.1"
description = "Seamless operability between C++11 and Python"
category = "main"
optional = false
python-versions = "!=3.0.*,!=3.1.*,!=3.2.*,!=3.3.*,!=3.4.*,>=2.7"

[package.extras]
global = ["pybind11-global (==2.9.1)"]

[[package]]
name = "pygments"
version = "2.12.0"
description = "Pygments is a syntax highlighting package written in Python."
category = "dev"
optional = false
python-versions = ">=3.6"

[[package]]
name = "pymdown-extensions"
version = "9.4"
description = "Extension pack for Python Markdown."
category = "dev"
optional = false
python-versions = ">=3.7"

[package.dependencies]
markdown = ">=3.2"

[[package]]
name = "pyopengl"
version = "3.1.5"
description = "Standard OpenGL bindings for Python"
category = "main"
optional = true
python-versions = "*"

[[package]]
name = "pyparsing"
version = "3.0.9"
description = "pyparsing module - Classes and methods to define and execute parsing grammars"
category = "dev"
optional = false
python-versions = ">=3.6.8"

[package.extras]
diagrams = ["railroad-diagrams", "jinja2"]

[[package]]
name = "pysdl2"
version = "0.9.11"
description = "Python SDL2 bindings"
category = "main"
optional = true
python-versions = "*"

[[package]]
name = "python-dateutil"
version = "2.8.2"
description = "Extensions to the standard Python datetime module"
category = "dev"
optional = false
python-versions = "!=3.0.*,!=3.1.*,!=3.2.*,>=2.7"

[package.dependencies]
six = ">=1.5"

[[package]]
name = "pyyaml"
version = "6.0"
description = "YAML parser and emitter for Python"
category = "dev"
optional = false
python-versions = ">=3.6"

[[package]]
name = "pyyaml-env-tag"
version = "0.1"
description = "A custom YAML tag for referencing environment variables in YAML files. "
category = "dev"
optional = false
python-versions = ">=3.6"

[package.dependencies]
pyyaml = "*"

[[package]]
name = "six"
version = "1.16.0"
description = "Python 2 and 3 compatibility utilities"
category = "dev"
optional = false
python-versions = ">=2.7, !=3.0.*, !=3.1.*, !=3.2.*"

[[package]]
name = "skia-python"
version = "87.4"
description = "Skia python binding"
category = "main"
optional = false
python-versions = "*"

[package.dependencies]
numpy = "*"
pybind11 = ">=2.6"

[[package]]
name = "watchdog"
version = "2.1.8"
description = "Filesystem events monitoring"
category = "dev"
optional = false
python-versions = ">=3.6"

[package.extras]
watchmedo = ["PyYAML (>=3.10)"]

[[package]]
name = "zengl"
version = "1.2.2"
description = "high-performance rendering"
category = "main"
optional = true
python-versions = "*"

[package.extras]
examples = ["ffmpeg", "glcontext", "imageio-ffmpeg", "imageio", "numpy", "objloader", "pillow", "pybullet", "pygame", "pyglet", "pygmsh", "scikit-image"]

[[package]]
name = "zipp"
version = "3.8.0"
description = "Backport of pathlib-compatible object wrapper for zip files"
category = "dev"
optional = false
python-versions = ">=3.7"

[package.extras]
docs = ["sphinx", "jaraco.packaging (>=9)", "rst.linker (>=1.9)"]
testing = ["pytest (>=6)", "pytest-checkdocs (>=2.4)", "pytest-flake8", "pytest-cov", "pytest-enabler (>=1.0.1)", "jaraco.itertools", "func-timeout", "pytest-black (>=0.3.7)", "pytest-mypy (>=0.9.1)"]

[extras]
glfw = ["glfw", "PyOpenGL", "skia-python", "darkdetect"]
sdl = ["PySDL2", "glcontext", "zengl", "skia-python", "darkdetect"]

[metadata]
lock-version = "1.1"
python-versions = "^3.10"
content-hash = "cea153c8d4686d3cba2950399e1ee798cd82e46a32e83341a06eb65dd8a2c48a"

[metadata.files]
click = [
    {file = "click-8.1.3-py3-none-any.whl", hash = "sha256:bb4d8133cb15a609f44e8213d9b391b0809795062913b383c62be0ee95b1db48"},
    {file = "click-8.1.3.tar.gz", hash = "sha256:7682dc8afb30297001674575ea00d1814d808d6a36af415a82bd481d37ba7b8e"},
]
colorama = [
    {file = "colorama-0.4.4-py2.py3-none-any.whl", hash = "sha256:9f47eda37229f68eee03b24b9748937c7dc3868f906e8ba69fbcbdd3bc5dc3e2"},
    {file = "colorama-0.4.4.tar.gz", hash = "sha256:5941b2b48a20143d2267e95b1c2a7603ce057ee39fd88e7329b0c292aa16869b"},
]
darkdetect = [
    {file = "darkdetect-0.5.1-py3-none-any.whl", hash = "sha256:bd96c0239875e2b81c6e542a35299aab2b20c7290f97f7b01a206071908a12b3"},
    {file = "darkdetect-0.5.1.tar.gz", hash = "sha256:cabe9837529fa305dba740561306a16def52351fa852e5955934fe2447be1785"},
]
ghp-import = [
    {file = "ghp-import-2.1.0.tar.gz", hash = "sha256:9c535c4c61193c2df8871222567d7fd7e5014d835f97dc7b7439069e2413d343"},
    {file = "ghp_import-2.1.0-py3-none-any.whl", hash = "sha256:8337dd7b50877f163d4c0289bc1f1c7f127550241988d568c1db512c4324a619"},
]
glcontext = [
    {file = "glcontext-2.3.6-cp310-cp310-macosx_10_9_universal2.whl", hash = "sha256:2eb3c2d7879076a33e801283ab2403788b78e1a45dc89e664a3100b967d471a1"},
    {file = "glcontext-2.3.6-cp310-cp310-macosx_10_9_x86_64.whl", hash = "sha256:86441e63363dcbb97ee813c9978c1d8998563e76b3726776da04b7be49813be3"},
    {file = "glcontext-2.3.6-cp310-cp310-manylinux_2_17_aarch64.manylinux2014_aarch64.whl", hash = "sha256:0e613a52a32b9fd5a528981c94b39078064a96380cad91ade4c312340d5404af"},
    {file = "glcontext-2.3.6-cp310-cp310-manylinux_2_5_i686.manylinux1_i686.manylinux_2_17_i686.manylinux2014_i686.whl", hash = "sha256:12ba701c46e7b774857b756ac6af15487b917a29dce195e40d834638edaad6f4"},
    {file = "glcontext-2.3.6-cp310-cp310-manylinux_2_5_x86_64.manylinux1_x86_64.manylinux_2_17_x86_64.manylinux2014_x86_64.whl", hash = "sha256:861304731c2fa5413e24abc32ac8335e93cf9f8dc7ab767ea69d380d8d503b1b"},
    {file = "glcontext-2.3.6-cp310-cp310-win32.whl", hash = "sha256:cb5b67ffc75ff4a358e8f739d3c65e1bbcc9e75c651dd5945c787d7b9c3ad03f"},
    {file = "glcontext-2.3.6-cp310-cp310-win_amd64.whl", hash = "sha256:032d10008de005b51a2401820356e9f7d51bc9c2a28f8194cc1c345bf1a8a3f9"},
    {file = "glcontext-2.3.6-cp37-cp37m-macosx_10_9_x86_64.whl", hash = "sha256:16bde9cf3bae7129f5308be4a1143db58e68b49b10c77e4e34f9a51cf98fd557"},
    {file = "glcontext-2.3.6-cp37-cp37m-manylinux_2_17_aarch64.manylinux2014_aarch64.whl", hash = "sha256:b25a94ddd93eef639fd0a377b7ebc1ac972978796a2ada74fd5b03b88719d88a"},
    {file = "glcontext-2.3.6-cp37-cp37m-manylinux_2_5_i686.manylinux1_i686.manylinux_2_17_i686.manylinux2014_i686.whl", hash = "sha256:0a800ba7fd1912f6424bd5979ba596f08308a9e949da73aba942b0a535860170"},
    {file = "glcontext-2.3.6-cp37-cp37m-manylinux_2_5_x86_64.manylinux1_x86_64.manylinux_2_17_x86_64.manylinux2014_x86_64.whl", hash = "sha256:1bcb5b2ddd21d37f8a1b2aaa62e3952e54a09bc31d29b861a4dcc57a536514f0"},
    {file = "glcontext-2.3.6-cp37-cp37m-win32.whl", hash = "sha256:e646d9c5af3b583f74a586fd151b787314352116e7c06c4902da93e15082bdb4"},
    {file = "glcontext-2.3.6-cp37-cp37m-win_amd64.whl", hash = "sha256:2ac6f80440510473621d287603ef69a08b985c06619f62f42cb485e5ca6e872c"},
    {file = "glcontext-2.3.6-cp38-cp38-macosx_10_9_universal2.whl", hash = "sha256:b6030d9deedba125d95d39abd72c36fbf6f0a7f866e600f22b210e368afbf522"},
    {file = "glcontext-2.3.6-cp38-cp38-macosx_10_9_x86_64.whl", hash = "sha256:8ca64b73e16712537a95d2e848a13391f83d72f5c19bde5f05562b62b2a1fee6"},
    {file = "glcontext-2.3.6-cp38-cp38-manylinux_2_17_aarch64.manylinux2014_aarch64.whl", hash = "sha256:226453bb7ff5a79e88c59ae38b60d1ce002fa2196b19aa8fada147221816e78c"},
    {file = "glcontext-2.3.6-cp38-cp38-manylinux_2_5_i686.manylinux1_i686.manylinux_2_17_i686.manylinux2014_i686.whl", hash = "sha256:48f299b77612b9c80f026204ee3a3062b56cb0776c1d25a6b5ce05fb7e18b261"},
    {file = "glcontext-2.3.6-cp38-cp38-manylinux_2_5_x86_64.manylinux1_x86_64.manylinux_2_17_x86_64.manylinux2014_x86_64.whl", hash = "sha256:81addba70acbc3fa84ace2b53509c89ff3c7bfe068d1ba2d7d3478140aed2838"},
    {file = "glcontext-2.3.6-cp38-cp38-win32.whl", hash = "sha256:233a9a977d545acf7d2ea1065c986fe6b711948f31499ce5e49e5366eefafa08"},
    {file = "glcontext-2.3.6-cp38-cp38-win_amd64.whl", hash = "sha256:7f114582574c8013fdec09154767b2c3f87875b74ff9938b20d3265971d08971"},
    {file = "glcontext-2.3.6-cp39-cp39-macosx_10_9_universal2.whl", hash = "sha256:c8adc530ecbb0c01c0abcc56ee71c7bcf8799209bff9e5c32f1a1d77f7035468"},
    {file = "glcontext-2.3.6-cp39-cp39-macosx_10_9_x86_64.whl", hash = "sha256:01106836f02d0098cbcacbc6d0c911f27fa728177d5a651ff44325dfafba7077"},
    {file = "glcontext-2.3.6-cp39-cp39-manylinux_2_17_aarch64.manylinux2014_aarch64.whl", hash = "sha256:f3f573bde2183943f6161aeb81cad14a2978f143c686dd52253a38cdae7e7667"},
    {file = "glcontext-2.3.6-cp39-cp39-manylinux_2_5_i686.manylinux1_i686.manylinux_2_17_i686.manylinux2014_i686.whl", hash = "sha256:60a982fc78b4400d3b5075f9790977c4d2bdf99824af3cd0428ae5a54437635f"},
    {file = "glcontext-2.3.6-cp39-cp39-manylinux_2_5_x86_64.manylinux1_x86_64.manylinux_2_17_x86_64.manylinux2014_x86_64.whl", hash = "sha256:64c0425155174fd2faaff7f631d41792365e357484c7f44a6b38efc1ea38468c"},
    {file = "glcontext-2.3.6-cp39-cp39-win32.whl", hash = "sha256:8789947abf3594a11655f23be88481dae0a660bbf8f42e2a5fa95a8fce59ba2c"},
    {file = "glcontext-2.3.6-cp39-cp39-win_amd64.whl", hash = "sha256:22699f81696756ec98fcf8b9a2ebd1dd73a42f81501d7748855e66b63d963c36"},
    {file = "glcontext-2.3.6-pp37-pypy37_pp73-macosx_10_9_x86_64.whl", hash = "sha256:970a2769c6aed12e29bd1edbb30a04fa17871a6cf7bb95190e65302c693ce928"},
    {file = "glcontext-2.3.6-pp37-pypy37_pp73-manylinux_2_17_aarch64.manylinux2014_aarch64.whl", hash = "sha256:3a30c62c6168b42a32083dc8c967e421f8c346e4452a00809c056ce6c6bea0c4"},
    {file = "glcontext-2.3.6-pp37-pypy37_pp73-manylinux_2_5_i686.manylinux1_i686.manylinux_2_17_i686.manylinux2014_i686.whl", hash = "sha256:e531662f37d171c08fcdc4ca442468266bef77da14c72c183bcaa2cd80111386"},
    {file = "glcontext-2.3.6-pp37-pypy37_pp73-manylinux_2_5_x86_64.manylinux1_x86_64.manylinux_2_17_x86_64.manylinux2014_x86_64.whl", hash = "sha256:98d5dfc4629ed85e51176fc1d8563944e0439b77bc6fe2365cb42207838ea32f"},
    {file = "glcontext-2.3.6-pp37-pypy37_pp73-win_amd64.whl", hash = "sha256:41a69166c20b1a67b2652a5074a78078df7e19f36c65d92f6552535a1182d4cc"},
    {file = "glcontext-2.3.6-pp38-pypy38_pp73-macosx_10_9_x86_64.whl", hash = "sha256:a8b118f0361e61e21279e414a1fa759288421ac311e44ce08e718de38f788183"},
    {file = "glcontext-2.3.6-pp38-pypy38_pp73-manylinux_2_17_aarch64.manylinux2014_aarch64.whl", hash = "sha256:a4f862f2b4426f1786743448c899d225e8383538602a04c3ffc9622956d08140"},
    {file = "glcontext-2.3.6-pp38-pypy38_pp73-manylinux_2_5_i686.manylinux1_i686.manylinux_2_17_i686.manylinux2014_i686.whl", hash = "sha256:e59f5afe61c5bc18dc7766c36a0ac912794a53605b30469c6c6be20483f4b42f"},
    {file = "glcontext-2.3.6-pp38-pypy38_pp73-manylinux_2_5_x86_64.manylinux1_x86_64.manylinux_2_17_x86_64.manylinux2014_x86_64.whl", hash = "sha256:4d399cba251b301d94eb7a41017ba68e001673f642606229fba7a0d4183b3273"},
    {file = "glcontext-2.3.6-pp38-pypy38_pp73-win_amd64.whl", hash = "sha256:bd50f826bb70df2415c7166d5e0aebdda3e47df8af385f562d8d5ba6018f87e9"},
    {file = "glcontext-2.3.6.tar.gz", hash = "sha256:cdb540eec587deddca037fb4dfdaa0921dcab0fd4d7ea5f1079e44fcb1b81e67"},
]
glfw = [
    {file = "glfw-2.5.3-py2.py27.py3.py30.py31.py32.py33.py34.py35.py36.py37.py38-none-macosx_10_6_intel.whl", hash = "sha256:797528a7e433c1684cad2807838824e73c0c1fd8e12b01ee0b22ad203f46bf87"},
    {file = "glfw-2.5.3-py2.py27.py3.py30.py31.py32.py33.py34.py35.py36.py37.py38-none-macosx_11_0_arm64.whl", hash = "sha256:1763af8d00e1b1517fccceb768e5470ce754a993bd8020878dca444f9523726b"},
    {file = "glfw-2.5.3-py2.py27.py3.py30.py31.py32.py33.py34.py35.py36.py37.py38-none-manylinux2010_i686.whl", hash = "sha256:847cbe034f5e2b2f3bc02224e630972bf12ec7f8a1303d63bd6f3f722699be8f"},
    {file = "glfw-2.5.3-py2.py27.py3.py30.py31.py32.py33.py34.py35.py36.py37.py38-none-manylinux2010_x86_64.whl", hash = "sha256:5f0b185ec29b2e68df87b0ebe37841e50af72be78636c72f9c0298ef2b229676"},
    {file = "glfw-2.5.3-py2.py27.py3.py30.py31.py32.py33.py34.py35.py36.py37.py38-none-manylinux2014_aarch64.whl", hash = "sha256:1158fe9ebec38f5b0ae146d0c781491bb8ef41d1f59e626e707e0708f1865050"},
    {file = "glfw-2.5.3-py2.py27.py3.py30.py31.py32.py33.py34.py35.py36.py37.py38-none-manylinux2014_x86_64.whl", hash = "sha256:0ad3af6bc0d99a4bfee0de5176d8aee887b04b8e18af3fc90272b96e69464ef7"},
    {file = "glfw-2.5.3-py2.py27.py3.py30.py31.py32.py33.py34.py35.py36.py37.py38-none-win32.whl", hash = "sha256:25945014ef3fba24ca11249f41018350857d459297ada5820e3553ed838af608"},
    {file = "glfw-2.5.3-py2.py27.py3.py30.py31.py32.py33.py34.py35.py36.py37.py38-none-win_amd64.whl", hash = "sha256:fe9500b9e31847987a77e686569ad1470435688eaa5ebb87ea80cff2ff3300f3"},
    {file = "glfw-2.5.3.tar.gz", hash = "sha256:02cf5e7523e867f5253d2df065cb4590250ce744ca2f8bfdcbad4a1727f1e0b5"},
]
importlib-metadata = [
    {file = "importlib_metadata-4.11.3-py3-none-any.whl", hash = "sha256:1208431ca90a8cca1a6b8af391bb53c1a2db74e5d1cef6ddced95d4b2062edc6"},
    {file = "importlib_metadata-4.11.3.tar.gz", hash = "sha256:ea4c597ebf37142f827b8f39299579e31685c31d3a438b59f469406afd0f2539"},
]
jinja2 = [
    {file = "Jinja2-3.1.2-py3-none-any.whl", hash = "sha256:6088930bfe239f0e6710546ab9c19c9ef35e29792895fed6e6e31a023a182a61"},
    {file = "Jinja2-3.1.2.tar.gz", hash = "sha256:31351a702a408a9e7595a8fc6150fc3f43bb6bf7e319770cbc0db9df9437e852"},
]
markdown = [
    {file = "Markdown-3.3.7-py3-none-any.whl", hash = "sha256:f5da449a6e1c989a4cea2631aa8ee67caa5a2ef855d551c88f9e309f4634c621"},
    {file = "Markdown-3.3.7.tar.gz", hash = "sha256:cbb516f16218e643d8e0a95b309f77eb118cb138d39a4f27851e6a63581db874"},
]
markupsafe = [
    {file = "MarkupSafe-2.1.1-cp310-cp310-macosx_10_9_universal2.whl", hash = "sha256:86b1f75c4e7c2ac2ccdaec2b9022845dbb81880ca318bb7a0a01fbf7813e3812"},
    {file = "MarkupSafe-2.1.1-cp310-cp310-macosx_10_9_x86_64.whl", hash = "sha256:f121a1420d4e173a5d96e47e9a0c0dcff965afdf1626d28de1460815f7c4ee7a"},
    {file = "MarkupSafe-2.1.1-cp310-cp310-manylinux_2_17_aarch64.manylinux2014_aarch64.whl", hash = "sha256:a49907dd8420c5685cfa064a1335b6754b74541bbb3706c259c02ed65b644b3e"},
    {file = "MarkupSafe-2.1.1-cp310-cp310-manylinux_2_17_x86_64.manylinux2014_x86_64.whl", hash = "sha256:10c1bfff05d95783da83491be968e8fe789263689c02724e0c691933c52994f5"},
    {file = "MarkupSafe-2.1.1-cp310-cp310-manylinux_2_5_i686.manylinux1_i686.manylinux_2_17_i686.manylinux2014_i686.whl", hash = "sha256:b7bd98b796e2b6553da7225aeb61f447f80a1ca64f41d83612e6139ca5213aa4"},
    {file = "MarkupSafe-2.1.1-cp310-cp310-musllinux_1_1_aarch64.whl", hash = "sha256:b09bf97215625a311f669476f44b8b318b075847b49316d3e28c08e41a7a573f"},
    {file = "MarkupSafe-2.1.1-cp310-cp310-musllinux_1_1_i686.whl", hash = "sha256:694deca8d702d5db21ec83983ce0bb4b26a578e71fbdbd4fdcd387daa90e4d5e"},
    {file = "MarkupSafe-2.1.1-cp310-cp310-musllinux_1_1_x86_64.whl", hash = "sha256:efc1913fd2ca4f334418481c7e595c00aad186563bbc1ec76067848c7ca0a933"},
    {file = "MarkupSafe-2.1.1-cp310-cp310-win32.whl", hash = "sha256:4a33dea2b688b3190ee12bd7cfa29d39c9ed176bda40bfa11099a3ce5d3a7ac6"},
    {file = "MarkupSafe-2.1.1-cp310-cp310-win_amd64.whl", hash = "sha256:dda30ba7e87fbbb7eab1ec9f58678558fd9a6b8b853530e176eabd064da81417"},
    {file = "MarkupSafe-2.1.1-cp37-cp37m-macosx_10_9_x86_64.whl", hash = "sha256:671cd1187ed5e62818414afe79ed29da836dde67166a9fac6d435873c44fdd02"},
    {file = "MarkupSafe-2.1.1-cp37-cp37m-manylinux_2_17_aarch64.manylinux2014_aarch64.whl", hash = "sha256:3799351e2336dc91ea70b034983ee71cf2f9533cdff7c14c90ea126bfd95d65a"},
    {file = "MarkupSafe-2.1.1-cp37-cp37m-manylinux_2_17_x86_64.manylinux2014_x86_64.whl", hash = "sha256:e72591e9ecd94d7feb70c1cbd7be7b3ebea3f548870aa91e2732960fa4d57a37"},
    {file = "MarkupSafe-2.1.1-cp37-cp37m-manylinux_2_5_i686.manylinux1_i686.manylinux_2_17_i686.manylinux2014_i686.whl", hash = "sha256:6fbf47b5d3728c6aea2abb0589b5d30459e369baa772e0f37a0320185e87c980"},
    {file = "MarkupSafe-2.1.1-cp37-cp37m-musllinux_1_1_aarch64.whl", hash = "sha256:d5ee4f386140395a2c818d149221149c54849dfcfcb9f1debfe07a8b8bd63f9a"},
    {file = "MarkupSafe-2.1.1-cp37-cp37m-musllinux_1_1_i686.whl", hash = "sha256:bcb3ed405ed3222f9904899563d6fc492ff75cce56cba05e32eff40e6acbeaa3"},
    {file = "MarkupSafe-2.1.1-cp37-cp37m-musllinux_1_1_x86_64.whl", hash = "sha256:e1c0b87e09fa55a220f058d1d49d3fb8df88fbfab58558f1198e08c1e1de842a"},
    {file = "MarkupSafe-2.1.1-cp37-cp37m-win32.whl", hash = "sha256:8dc1c72a69aa7e082593c4a203dcf94ddb74bb5c8a731e4e1eb68d031e8498ff"},
    {file = "MarkupSafe-2.1.1-cp37-cp37m-win_amd64.whl", hash = "sha256:97a68e6ada378df82bc9f16b800ab77cbf4b2fada0081794318520138c088e4a"},
    {file = "MarkupSafe-2.1.1-cp38-cp38-macosx_10_9_universal2.whl", hash = "sha256:e8c843bbcda3a2f1e3c2ab25913c80a3c5376cd00c6e8c4a86a89a28c8dc5452"},
    {file = "MarkupSafe-2.1.1-cp38-cp38-macosx_10_9_x86_64.whl", hash = "sha256:0212a68688482dc52b2d45013df70d169f542b7394fc744c02a57374a4207003"},
    {file = "MarkupSafe-2.1.1-cp38-cp38-manylinux_2_17_aarch64.manylinux2014_aarch64.whl", hash = "sha256:8e576a51ad59e4bfaac456023a78f6b5e6e7651dcd383bcc3e18d06f9b55d6d1"},
    {file = "MarkupSafe-2.1.1-cp38-cp38-manylinux_2_17_x86_64.manylinux2014_x86_64.whl", hash = "sha256:4b9fe39a2ccc108a4accc2676e77da025ce383c108593d65cc909add5c3bd601"},
    {file = "MarkupSafe-2.1.1-cp38-cp38-manylinux_2_5_i686.manylinux1_i686.manylinux_2_17_i686.manylinux2014_i686.whl", hash = "sha256:96e37a3dc86e80bf81758c152fe66dbf60ed5eca3d26305edf01892257049925"},
    {file = "MarkupSafe-2.1.1-cp38-cp38-musllinux_1_1_aarch64.whl", hash = "sha256:6d0072fea50feec76a4c418096652f2c3238eaa014b2f94aeb1d56a66b41403f"},
    {file = "MarkupSafe-2.1.1-cp38-cp38-musllinux_1_1_i686.whl", hash = "sha256:089cf3dbf0cd6c100f02945abeb18484bd1ee57a079aefd52cffd17fba910b88"},
    {file = "MarkupSafe-2.1.1-cp38-cp38-musllinux_1_1_x86_64.whl", hash = "sha256:6a074d34ee7a5ce3effbc526b7083ec9731bb3cbf921bbe1d3005d4d2bdb3a63"},
    {file = "MarkupSafe-2.1.1-cp38-cp38-win32.whl", hash = "sha256:421be9fbf0ffe9ffd7a378aafebbf6f4602d564d34be190fc19a193232fd12b1"},
    {file = "MarkupSafe-2.1.1-cp38-cp38-win_amd64.whl", hash = "sha256:fc7b548b17d238737688817ab67deebb30e8073c95749d55538ed473130ec0c7"},
    {file = "MarkupSafe-2.1.1-cp39-cp39-macosx_10_9_universal2.whl", hash = "sha256:e04e26803c9c3851c931eac40c695602c6295b8d432cbe78609649ad9bd2da8a"},
    {file = "MarkupSafe-2.1.1-cp39-cp39-macosx_10_9_x86_64.whl", hash = "sha256:b87db4360013327109564f0e591bd2a3b318547bcef31b468a92ee504d07ae4f"},
    {file = "MarkupSafe-2.1.1-cp39-cp39-manylinux_2_17_aarch64.manylinux2014_aarch64.whl", hash = "sha256:99a2a507ed3ac881b975a2976d59f38c19386d128e7a9a18b7df6fff1fd4c1d6"},
    {file = "MarkupSafe-2.1.1-cp39-cp39-manylinux_2_17_x86_64.manylinux2014_x86_64.whl", hash = "sha256:56442863ed2b06d19c37f94d999035e15ee982988920e12a5b4ba29b62ad1f77"},
    {file = "MarkupSafe-2.1.1-cp39-cp39-manylinux_2_5_i686.manylinux1_i686.manylinux_2_17_i686.manylinux2014_i686.whl", hash = "sha256:3ce11ee3f23f79dbd06fb3d63e2f6af7b12db1d46932fe7bd8afa259a5996603"},
    {file = "MarkupSafe-2.1.1-cp39-cp39-musllinux_1_1_aarch64.whl", hash = "sha256:33b74d289bd2f5e527beadcaa3f401e0df0a89927c1559c8566c066fa4248ab7"},
    {file = "MarkupSafe-2.1.1-cp39-cp39-musllinux_1_1_i686.whl", hash = "sha256:43093fb83d8343aac0b1baa75516da6092f58f41200907ef92448ecab8825135"},
    {file = "MarkupSafe-2.1.1-cp39-cp39-musllinux_1_1_x86_64.whl", hash = "sha256:8e3dcf21f367459434c18e71b2a9532d96547aef8a871872a5bd69a715c15f96"},
    {file = "MarkupSafe-2.1.1-cp39-cp39-win32.whl", hash = "sha256:d4306c36ca495956b6d568d276ac11fdd9c30a36f1b6eb928070dc5360b22e1c"},
    {file = "MarkupSafe-2.1.1-cp39-cp39-win_amd64.whl", hash = "sha256:46d00d6cfecdde84d40e572d63735ef81423ad31184100411e6e3388d405e247"},
    {file = "MarkupSafe-2.1.1.tar.gz", hash = "sha256:7f91197cc9e48f989d12e4e6fbc46495c446636dfc81b9ccf50bb0ec74b91d4b"},
]
mergedeep = [
    {file = "mergedeep-1.3.4-py3-none-any.whl", hash = "sha256:70775750742b25c0d8f36c55aed03d24c3384d17c951b3175d898bd778ef0307"},
    {file = "mergedeep-1.3.4.tar.gz", hash = "sha256:0096d52e9dad9939c3d975a774666af186eda617e6ca84df4c94dec30004f2a8"},
]
mkdocs = [
    {file = "mkdocs-1.3.0-py3-none-any.whl", hash = "sha256:26bd2b03d739ac57a3e6eed0b7bcc86168703b719c27b99ad6ca91dc439aacde"},
    {file = "mkdocs-1.3.0.tar.gz", hash = "sha256:b504405b04da38795fec9b2e5e28f6aa3a73bb0960cb6d5d27ead28952bd35ea"},
]
mkdocs-material = [
    {file = "mkdocs-material-8.2.15.tar.gz", hash = "sha256:93b57e53733051431cc83216446e774bdf08bf516a6251ff2f24974f45f98149"},
    {file = "mkdocs_material-8.2.15-py2.py3-none-any.whl", hash = "sha256:9d6c4ca1ceecc00b2e38c214665ed7605d275321dcaa22f38b9d1175edc58955"},
]
mkdocs-material-extensions = [
    {file = "mkdocs-material-extensions-1.0.3.tar.gz", hash = "sha256:bfd24dfdef7b41c312ede42648f9eb83476ea168ec163b613f9abd12bbfddba2"},
    {file = "mkdocs_material_extensions-1.0.3-py3-none-any.whl", hash = "sha256:a82b70e533ce060b2a5d9eb2bc2e1be201cf61f901f93704b4acf6e3d5983a44"},
]
mkdocs-video = [
    {file = "mkdocs-video-1.3.0.tar.gz", hash = "sha256:900a7da60aff6d313d3aec47348bb7c87ec2ad39bad27a1146fa153fafd61e44"},
    {file = "mkdocs_video-1.3.0-py3-none-any.whl", hash = "sha256:6512887d65e65f4fb643b64e3f4cc7e365ce27d0ff4c4b48de8d91b04ea89731"},
]
numpy = [
    {file = "numpy-1.22.2-cp310-cp310-macosx_10_14_x86_64.whl", hash = "sha256:515a8b6edbb904594685da6e176ac9fbea8f73a5ebae947281de6613e27f1956"},
    {file = "numpy-1.22.2-cp310-cp310-macosx_11_0_arm64.whl", hash = "sha256:76a4f9bce0278becc2da7da3b8ef854bed41a991f4226911a24a9711baad672c"},
    {file = "numpy-1.22.2-cp310-cp310-manylinux_2_17_aarch64.manylinux2014_aarch64.whl", hash = "sha256:168259b1b184aa83a514f307352c25c56af111c269ffc109d9704e81f72e764b"},
    {file = "numpy-1.22.2-cp310-cp310-manylinux_2_17_x86_64.manylinux2014_x86_64.whl", hash = "sha256:3556c5550de40027d3121ebbb170f61bbe19eb639c7ad0c7b482cd9b560cd23b"},
    {file = "numpy-1.22.2-cp310-cp310-win_amd64.whl", hash = "sha256:aafa46b5a39a27aca566198d3312fb3bde95ce9677085efd02c86f7ef6be4ec7"},
    {file = "numpy-1.22.2-cp38-cp38-macosx_10_14_x86_64.whl", hash = "sha256:55535c7c2f61e2b2fc817c5cbe1af7cb907c7f011e46ae0a52caa4be1f19afe2"},
    {file = "numpy-1.22.2-cp38-cp38-macosx_11_0_arm64.whl", hash = "sha256:60cb8e5933193a3cc2912ee29ca331e9c15b2da034f76159b7abc520b3d1233a"},
    {file = "numpy-1.22.2-cp38-cp38-manylinux_2_17_aarch64.manylinux2014_aarch64.whl", hash = "sha256:0b536b6840e84c1c6a410f3a5aa727821e6108f3454d81a5cd5900999ef04f89"},
    {file = "numpy-1.22.2-cp38-cp38-manylinux_2_17_x86_64.manylinux2014_x86_64.whl", hash = "sha256:2638389562bda1635b564490d76713695ff497242a83d9b684d27bb4a6cc9d7a"},
    {file = "numpy-1.22.2-cp38-cp38-win32.whl", hash = "sha256:6767ad399e9327bfdbaa40871be4254d1995f4a3ca3806127f10cec778bd9896"},
    {file = "numpy-1.22.2-cp38-cp38-win_amd64.whl", hash = "sha256:03ae5850619abb34a879d5f2d4bb4dcd025d6d8fb72f5e461dae84edccfe129f"},
    {file = "numpy-1.22.2-cp39-cp39-macosx_10_14_x86_64.whl", hash = "sha256:d76a26c5118c4d96e264acc9e3242d72e1a2b92e739807b3b69d8d47684b6677"},
    {file = "numpy-1.22.2-cp39-cp39-macosx_11_0_arm64.whl", hash = "sha256:15efb7b93806d438e3bc590ca8ef2f953b0ce4f86f337ef4559d31ec6cf9d7dd"},
    {file = "numpy-1.22.2-cp39-cp39-manylinux_2_17_aarch64.manylinux2014_aarch64.whl", hash = "sha256:badca914580eb46385e7f7e4e426fea6de0a37b9e06bec252e481ae7ec287082"},
    {file = "numpy-1.22.2-cp39-cp39-manylinux_2_17_x86_64.manylinux2014_x86_64.whl", hash = "sha256:94dd11d9f13ea1be17bac39c1942f527cbf7065f94953cf62dfe805653da2f8f"},
    {file = "numpy-1.22.2-cp39-cp39-win32.whl", hash = "sha256:8cf33634b60c9cef346663a222d9841d3bbbc0a2f00221d6bcfd0d993d5543f6"},
    {file = "numpy-1.22.2-cp39-cp39-win_amd64.whl", hash = "sha256:59153979d60f5bfe9e4c00e401e24dfe0469ef8da6d68247439d3278f30a180f"},
    {file = "numpy-1.22.2-pp38-pypy38_pp73-manylinux_2_17_x86_64.manylinux2014_x86_64.whl", hash = "sha256:4a176959b6e7e00b5a0d6f549a479f869829bfd8150282c590deee6d099bbb6e"},
    {file = "numpy-1.22.2.zip", hash = "sha256:076aee5a3763d41da6bef9565fdf3cb987606f567cd8b104aded2b38b7b47abf"},
]
packaging = [
    {file = "packaging-21.3-py3-none-any.whl", hash = "sha256:ef103e05f519cdc783ae24ea4e2e0f508a9c99b2d4969652eed6a2e1ea5bd522"},
    {file = "packaging-21.3.tar.gz", hash = "sha256:dd47c42927d89ab911e606518907cc2d3a1f38bbd026385970643f9c5b8ecfeb"},
]
pybind11 = [
    {file = "pybind11-2.9.1-py2.py3-none-any.whl", hash = "sha256:b570d17ed34b0f8ff43f5647833db87353be9afca0c7d1d69e92706b10a9c961"},
    {file = "pybind11-2.9.1.tar.gz", hash = "sha256:40f8e57af6fcaa7eb5d727707125f90f8daa0993f28a9981a232d40c85dbbcb0"},
]
pygments = [
    {file = "Pygments-2.12.0-py3-none-any.whl", hash = "sha256:dc9c10fb40944260f6ed4c688ece0cd2048414940f1cea51b8b226318411c519"},
    {file = "Pygments-2.12.0.tar.gz", hash = "sha256:5eb116118f9612ff1ee89ac96437bb6b49e8f04d8a13b514ba26f620208e26eb"},
]
pymdown-extensions = [
    {file = "pymdown_extensions-9.4-py3-none-any.whl", hash = "sha256:5b7432456bf555ce2b0ab3c2439401084cda8110f24f6b3ecef952b8313dfa1b"},
    {file = "pymdown_extensions-9.4.tar.gz", hash = "sha256:1baa22a60550f731630474cad28feb0405c8101f1a7ddc3ec0ed86ee510bcc43"},
]
pyopengl = [
    {file = "PyOpenGL-3.1.5-py2-none-any.whl", hash = "sha256:11ad32c7bde7ea0ffb7a94dd552c639ca72376982a8dd6fe0c092d2002a4ca6e"},
    {file = "PyOpenGL-3.1.5-py3-none-any.whl", hash = "sha256:36b4ac28220e4bfa29e5557525ad2967ca74558a94bccea48864fc742b18db11"},
    {file = "PyOpenGL-3.1.5.tar.gz", hash = "sha256:4107ba0d0390da5766a08c242cf0cf3404c377ed293c5f6d701e457c57ba3424"},
]
pyparsing = [
    {file = "pyparsing-3.0.9-py3-none-any.whl", hash = "sha256:5026bae9a10eeaefb61dab2f09052b9f4307d44aee4eda64b309723d8d206bbc"},
    {file = "pyparsing-3.0.9.tar.gz", hash = "sha256:2b020ecf7d21b687f219b71ecad3631f644a47f01403fa1d1036b0c6416d70fb"},
]
pysdl2 = [
    {file = "PySDL2-0.9.11-py3-none-any.whl", hash = "sha256:ff9878c3c64f26c384ba59360f784be7ec3ae5d5fbc7abae3c05a69a2ad6299b"},
    {file = "PySDL2-0.9.11.tar.gz", hash = "sha256:93e51057d39fd583b80001d42b21d5a3f71e30d489d85924d944b2c7350e2da6"},
]
python-dateutil = [
    {file = "python-dateutil-2.8.2.tar.gz", hash = "sha256:0123cacc1627ae19ddf3c27a5de5bd67ee4586fbdd6440d9748f8abb483d3e86"},
    {file = "python_dateutil-2.8.2-py2.py3-none-any.whl", hash = "sha256:961d03dc3453ebbc59dbdea9e4e11c5651520a876d0f4db161e8674aae935da9"},
]
pyyaml = [
    {file = "PyYAML-6.0-cp310-cp310-macosx_10_9_x86_64.whl", hash = "sha256:d4db7c7aef085872ef65a8fd7d6d09a14ae91f691dec3e87ee5ee0539d516f53"},
    {file = "PyYAML-6.0-cp310-cp310-macosx_11_0_arm64.whl", hash = "sha256:9df7ed3b3d2e0ecfe09e14741b857df43adb5a3ddadc919a2d94fbdf78fea53c"},
    {file = "PyYAML-6.0-cp310-cp310-manylinux_2_17_aarch64.manylinux2014_aarch64.whl", hash = "sha256:77f396e6ef4c73fdc33a9157446466f1cff553d979bd00ecb64385760c6babdc"},
    {file = "PyYAML-6.0-cp310-cp310-manylinux_2_17_s390x.manylinux2014_s390x.whl", hash = "sha256:a80a78046a72361de73f8f395f1f1e49f956c6be882eed58505a15f3e430962b"},
    {file = "PyYAML-6.0-cp310-cp310-manylinux_2_5_x86_64.manylinux1_x86_64.manylinux_2_12_x86_64.manylinux2010_x86_64.whl", hash = "sha256:f84fbc98b019fef2ee9a1cb3ce93e3187a6df0b2538a651bfb890254ba9f90b5"},
    {file = "PyYAML-6.0-cp310-cp310-win32.whl", hash = "sha256:2cd5df3de48857ed0544b34e2d40e9fac445930039f3cfe4bcc592a1f836d513"},
    {file = "PyYAML-6.0-cp310-cp310-win_amd64.whl", hash = "sha256:daf496c58a8c52083df09b80c860005194014c3698698d1a57cbcfa182142a3a"},
    {file = "PyYAML-6.0-cp36-cp36m-macosx_10_9_x86_64.whl", hash = "sha256:897b80890765f037df3403d22bab41627ca8811ae55e9a722fd0392850ec4d86"},
    {file = "PyYAML-6.0-cp36-cp36m-manylinux_2_17_aarch64.manylinux2014_aarch64.whl", hash = "sha256:50602afada6d6cbfad699b0c7bb50d5ccffa7e46a3d738092afddc1f9758427f"},
    {file = "PyYAML-6.0-cp36-cp36m-manylinux_2_17_s390x.manylinux2014_s390x.whl", hash = "sha256:48c346915c114f5fdb3ead70312bd042a953a8ce5c7106d5bfb1a5254e47da92"},
    {file = "PyYAML-6.0-cp36-cp36m-manylinux_2_5_x86_64.manylinux1_x86_64.manylinux_2_12_x86_64.manylinux2010_x86_64.whl", hash = "sha256:98c4d36e99714e55cfbaaee6dd5badbc9a1ec339ebfc3b1f52e293aee6bb71a4"},
    {file = "PyYAML-6.0-cp36-cp36m-win32.whl", hash = "sha256:0283c35a6a9fbf047493e3a0ce8d79ef5030852c51e9d911a27badfde0605293"},
    {file = "PyYAML-6.0-cp36-cp36m-win_amd64.whl", hash = "sha256:07751360502caac1c067a8132d150cf3d61339af5691fe9e87803040dbc5db57"},
    {file = "PyYAML-6.0-cp37-cp37m-macosx_10_9_x86_64.whl", hash = "sha256:819b3830a1543db06c4d4b865e70ded25be52a2e0631ccd2f6a47a2822f2fd7c"},
    {file = "PyYAML-6.0-cp37-cp37m-manylinux_2_17_aarch64.manylinux2014_aarch64.whl", hash = "sha256:473f9edb243cb1935ab5a084eb238d842fb8f404ed2193a915d1784b5a6b5fc0"},
    {file = "PyYAML-6.0-cp37-cp37m-manylinux_2_17_s390x.manylinux2014_s390x.whl", hash = "sha256:0ce82d761c532fe4ec3f87fc45688bdd3a4c1dc5e0b4a19814b9009a29baefd4"},
    {file = "PyYAML-6.0-cp37-cp37m-manylinux_2_5_x86_64.manylinux1_x86_64.manylinux_2_12_x86_64.manylinux2010_x86_64.whl", hash = "sha256:231710d57adfd809ef5d34183b8ed1eeae3f76459c18fb4a0b373ad56bedcdd9"},
    {file = "PyYAML-6.0-cp37-cp37m-win32.whl", hash = "sha256:c5687b8d43cf58545ade1fe3e055f70eac7a5a1a0bf42824308d868289a95737"},
    {file = "PyYAML-6.0-cp37-cp37m-win_amd64.whl", hash = "sha256:d15a181d1ecd0d4270dc32edb46f7cb7733c7c508857278d3d378d14d606db2d"},
    {file = "PyYAML-6.0-cp38-cp38-macosx_10_9_x86_64.whl", hash = "sha256:0b4624f379dab24d3725ffde76559cff63d9ec94e1736b556dacdfebe5ab6d4b"},
    {file = "PyYAML-6.0-cp38-cp38-manylinux_2_17_aarch64.manylinux2014_aarch64.whl", hash = "sha256:213c60cd50106436cc818accf5baa1aba61c0189ff610f64f4a3e8c6726218ba"},
    {file = "PyYAML-6.0-cp38-cp38-manylinux_2_17_s390x.manylinux2014_s390x.whl", hash = "sha256:9fa600030013c4de8165339db93d182b9431076eb98eb40ee068700c9c813e34"},
    {file = "PyYAML-6.0-cp38-cp38-manylinux_2_5_x86_64.manylinux1_x86_64.manylinux_2_12_x86_64.manylinux2010_x86_64.whl", hash = "sha256:277a0ef2981ca40581a47093e9e2d13b3f1fbbeffae064c1d21bfceba2030287"},
    {file = "PyYAML-6.0-cp38-cp38-win32.whl", hash = "sha256:d4eccecf9adf6fbcc6861a38015c2a64f38b9d94838ac1810a9023a0609e1b78"},
    {file = "PyYAML-6.0-cp38-cp38-win_amd64.whl", hash = "sha256:1e4747bc279b4f613a09eb64bba2ba602d8a6664c6ce6396a4d0cd413a50ce07"},
    {file = "PyYAML-6.0-cp39-cp39-macosx_10_9_x86_64.whl", hash = "sha256:055d937d65826939cb044fc8c9b08889e8c743fdc6a32b33e2390f66013e449b"},
    {file = "PyYAML-6.0-cp39-cp39-macosx_11_0_arm64.whl", hash = "sha256:e61ceaab6f49fb8bdfaa0f92c4b57bcfbea54c09277b1b4f7ac376bfb7a7c174"},
    {file = "PyYAML-6.0-cp39-cp39-manylinux_2_17_aarch64.manylinux2014_aarch64.whl", hash = "sha256:d67d839ede4ed1b28a4e8909735fc992a923cdb84e618544973d7dfc71540803"},
    {file = "PyYAML-6.0-cp39-cp39-manylinux_2_17_s390x.manylinux2014_s390x.whl", hash = "sha256:cba8c411ef271aa037d7357a2bc8f9ee8b58b9965831d9e51baf703280dc73d3"},
    {file = "PyYAML-6.0-cp39-cp39-manylinux_2_5_x86_64.manylinux1_x86_64.manylinux_2_12_x86_64.manylinux2010_x86_64.whl", hash = "sha256:40527857252b61eacd1d9af500c3337ba8deb8fc298940291486c465c8b46ec0"},
    {file = "PyYAML-6.0-cp39-cp39-win32.whl", hash = "sha256:b5b9eccad747aabaaffbc6064800670f0c297e52c12754eb1d976c57e4f74dcb"},
    {file = "PyYAML-6.0-cp39-cp39-win_amd64.whl", hash = "sha256:b3d267842bf12586ba6c734f89d1f5b871df0273157918b0ccefa29deb05c21c"},
    {file = "PyYAML-6.0.tar.gz", hash = "sha256:68fb519c14306fec9720a2a5b45bc9f0c8d1b9c72adf45c37baedfcd949c35a2"},
]
pyyaml-env-tag = [
    {file = "pyyaml_env_tag-0.1-py3-none-any.whl", hash = "sha256:af31106dec8a4d68c60207c1886031cbf839b68aa7abccdb19868200532c2069"},
    {file = "pyyaml_env_tag-0.1.tar.gz", hash = "sha256:70092675bda14fdec33b31ba77e7543de9ddc88f2e5b99160396572d11525bdb"},
]
six = [
    {file = "six-1.16.0-py2.py3-none-any.whl", hash = "sha256:8abb2f1d86890a2dfb989f9a77cfcfd3e47c2a354b01111771326f8aa26e0254"},
    {file = "six-1.16.0.tar.gz", hash = "sha256:1e61c37477a1626458e36f7b1d82aa5c9b094fa4802892072e49de9c60c4c926"},
]
skia-python = [
    {file = "skia_python-87.4-cp310-cp310-macosx_10_9_x86_64.whl", hash = "sha256:5c63e7b10c47a27bbcbf4120cd9fa45a6dcd467c818dbe905048d965a0ece2db"},
    {file = "skia_python-87.4-cp310-cp310-macosx_11_0_arm64.whl", hash = "sha256:79224a9ce16b922ac10e10521fe7d767c648cb88e9b3f5c1087e313c9fc22e34"},
    {file = "skia_python-87.4-cp310-cp310-manylinux_2_17_x86_64.manylinux2014_x86_64.whl", hash = "sha256:db29525c36c8ef17b80cba1881a4149d9605e7768a90da799d43861c0ae16cc7"},
    {file = "skia_python-87.4-cp310-cp310-win_amd64.whl", hash = "sha256:24f87804c96970b0cb0179e568c78188f53a1edac6b8835494f6504080a2143b"},
    {file = "skia_python-87.4-cp36-cp36m-macosx_10_9_x86_64.whl", hash = "sha256:f55940d39c154d16fe04f8eb679f8ef4b9bac29dc1e1166ff3e2859f4b96098e"},
    {file = "skia_python-87.4-cp36-cp36m-manylinux_2_17_x86_64.manylinux2014_x86_64.whl", hash = "sha256:850234f4fde6fdea370cd78c64ce2a24f5e675f422c1d361fefa688afebbc529"},
    {file = "skia_python-87.4-cp36-cp36m-win_amd64.whl", hash = "sha256:215cef1bc00ea09f2131fa021e255842f249870bee7675256271d4c7d65f77fc"},
    {file = "skia_python-87.4-cp37-cp37m-macosx_10_9_x86_64.whl", hash = "sha256:0a6d53f1ef470a584fd13b4ba2d34348520ac9ac74394936a64f2666c719e16d"},
    {file = "skia_python-87.4-cp37-cp37m-manylinux_2_17_x86_64.manylinux2014_x86_64.whl", hash = "sha256:49e20440d95075063a6c0a853bc52b081f28807ec7df3ebe56f97c76b899db6b"},
    {file = "skia_python-87.4-cp37-cp37m-win_amd64.whl", hash = "sha256:047759034cfe0ec79e63cc1b3810635ac58d76eacf5c9c48141d82103d4a04ec"},
    {file = "skia_python-87.4-cp38-cp38-macosx_10_9_x86_64.whl", hash = "sha256:35d7a871aa1405cbf5607064016b844d216f9de0a7add23bff3112c45bc73089"},
    {file = "skia_python-87.4-cp38-cp38-macosx_11_0_arm64.whl", hash = "sha256:4e45bab24ab2ca990c6f8f4d263d28f6294acb450d74c3a5346d06ce8002dfc7"},
    {file = "skia_python-87.4-cp38-cp38-manylinux_2_17_x86_64.manylinux2014_x86_64.whl", hash = "sha256:cf334ab6c3956236e537e7cae5a7419066e3a16f7154c09896facec8b843f0fd"},
    {file = "skia_python-87.4-cp38-cp38-win_amd64.whl", hash = "sha256:fcd265f205c06bdbb9f8c9a7a0b3f57415ba1f735029777b2a01a42afa04784a"},
    {file = "skia_python-87.4-cp39-cp39-macosx_10_9_x86_64.whl", hash = "sha256:f2f34a2c9370f71a5e7568246e05a65c2e42a554420b7593aba1a599ad2c6c72"},
    {file = "skia_python-87.4-cp39-cp39-macosx_11_0_arm64.whl", hash = "sha256:9ee7b2270b4c09f900b7d531c3181a73aa278407833f679ae1fc077667d0ab2b"},
    {file = "skia_python-87.4-cp39-cp39-manylinux_2_17_x86_64.manylinux2014_x86_64.whl", hash = "sha256:dbc48e1771beb81f7926309bcff82391775316b083ca3a1739313ae94fd11f0f"},
    {file = "skia_python-87.4-cp39-cp39-win_amd64.whl", hash = "sha256:3c341a5548c0352a1875cc397a28f98ffafb2e7b9dbc26bc0546b20f9d4c20fe"},
]
watchdog = [
    {file = "watchdog-2.1.8-cp310-cp310-macosx_10_9_universal2.whl", hash = "sha256:676263bee67b165f16b05abc52acc7a94feac5b5ab2449b491f1a97638a79277"},
    {file = "watchdog-2.1.8-cp310-cp310-macosx_10_9_x86_64.whl", hash = "sha256:aa68d2d9a89d686fae99d28a6edf3b18595e78f5adf4f5c18fbfda549ac0f20c"},
    {file = "watchdog-2.1.8-cp310-cp310-macosx_11_0_arm64.whl", hash = "sha256:5e2e51c53666850c3ecffe9d265fc5d7351db644de17b15e9c685dd3cdcd6f97"},
    {file = "watchdog-2.1.8-cp36-cp36m-macosx_10_9_x86_64.whl", hash = "sha256:7721ac736170b191c50806f43357407138c6748e4eb3e69b071397f7f7aaeedd"},
    {file = "watchdog-2.1.8-cp37-cp37m-macosx_10_9_x86_64.whl", hash = "sha256:ce7376aed3da5fd777483fe5ebc8475a440c6d18f23998024f832134b2938e7b"},
    {file = "watchdog-2.1.8-cp38-cp38-macosx_10_9_universal2.whl", hash = "sha256:f9ee4c6bf3a1b2ed6be90a2d78f3f4bbd8105b6390c04a86eb48ed67bbfa0b0b"},
    {file = "watchdog-2.1.8-cp38-cp38-macosx_10_9_x86_64.whl", hash = "sha256:68dbe75e0fa1ba4d73ab3f8e67b21770fbed0651d32ce515cd38919a26873266"},
    {file = "watchdog-2.1.8-cp38-cp38-macosx_11_0_arm64.whl", hash = "sha256:0c520009b8cce79099237d810aaa19bc920941c268578436b62013b2f0102320"},
    {file = "watchdog-2.1.8-cp39-cp39-macosx_10_9_universal2.whl", hash = "sha256:efcc8cbc1b43902571b3dce7ef53003f5b97fe4f275fe0489565fc6e2ebe3314"},
    {file = "watchdog-2.1.8-cp39-cp39-macosx_10_9_x86_64.whl", hash = "sha256:746e4c197ec1083581bb1f64d07d1136accf03437badb5ff8fcb862565c193b2"},
    {file = "watchdog-2.1.8-cp39-cp39-macosx_11_0_arm64.whl", hash = "sha256:1ae17b6be788fb8e4d8753d8d599de948f0275a232416e16436363c682c6f850"},
    {file = "watchdog-2.1.8-pp37-pypy37_pp73-macosx_10_9_x86_64.whl", hash = "sha256:ddde157dc1447d8130cb5b8df102fad845916fe4335e3d3c3f44c16565becbb7"},
    {file = "watchdog-2.1.8-pp38-pypy38_pp73-macosx_10_9_x86_64.whl", hash = "sha256:4978db33fc0934c92013ee163a9db158ec216099b69fce5aec790aba704da412"},
    {file = "watchdog-2.1.8-pp39-pypy39_pp73-macosx_10_9_x86_64.whl", hash = "sha256:b962de4d7d92ff78fb2dbc6a0cb292a679dea879a0eb5568911484d56545b153"},
    {file = "watchdog-2.1.8-py3-none-manylinux2014_aarch64.whl", hash = "sha256:1e5d0fdfaa265c29dc12621913a76ae99656cf7587d03950dfeb3595e5a26102"},
    {file = "watchdog-2.1.8-py3-none-manylinux2014_armv7l.whl", hash = "sha256:036ed15f7cd656351bf4e17244447be0a09a61aaa92014332d50719fc5973bc0"},
    {file = "watchdog-2.1.8-py3-none-manylinux2014_i686.whl", hash = "sha256:2962628a8777650703e8f6f2593065884c602df7bae95759b2df267bd89b2ef5"},
    {file = "watchdog-2.1.8-py3-none-manylinux2014_ppc64.whl", hash = "sha256:156ec3a94695ea68cfb83454b98754af6e276031ba1ae7ae724dc6bf8973b92a"},
    {file = "watchdog-2.1.8-py3-none-manylinux2014_ppc64le.whl", hash = "sha256:47598fe6713fc1fee86b1ca85c9cbe77e9b72d002d6adeab9c3b608f8a5ead10"},
    {file = "watchdog-2.1.8-py3-none-manylinux2014_s390x.whl", hash = "sha256:fed4de6e45a4f16e4046ea00917b4fe1700b97244e5d114f594b4a1b9de6bed8"},
    {file = "watchdog-2.1.8-py3-none-manylinux2014_x86_64.whl", hash = "sha256:24dedcc3ce75e150f2a1d704661f6879764461a481ba15a57dc80543de46021c"},
    {file = "watchdog-2.1.8-py3-none-win32.whl", hash = "sha256:6ddf67bc9f413791072e3afb466e46cc72c6799ba73dea18439b412e8f2e3257"},
    {file = "watchdog-2.1.8-py3-none-win_amd64.whl", hash = "sha256:88ef3e8640ef0a64b7ad7394b0f23384f58ac19dd759da7eaa9bc04b2898943f"},
    {file = "watchdog-2.1.8-py3-none-win_ia64.whl", hash = "sha256:0fb60c7d31474b21acba54079ce9ff0136411183e9a591369417cddb1d7d00d7"},
    {file = "watchdog-2.1.8.tar.gz", hash = "sha256:6d03149126864abd32715d4e9267d2754cede25a69052901399356ad3bc5ecff"},
]
zengl = [
    {file = "zengl-1.2.2-cp310-cp310-macosx_10_9_x86_64.whl", hash = "sha256:7b86a5ef07f2fe569989f2fa9daabcfc0fd85f40ecedc6b2b9846049695783cd"},
    {file = "zengl-1.2.2-cp310-cp310-manylinux_2_5_i686.manylinux1_i686.manylinux_2_12_i686.manylinux2010_i686.whl", hash = "sha256:36bc9df31b7961c0e8352f17af8fd02bea62555e0c6e43cfa86ebf5d2b0c6112"},
    {file = "zengl-1.2.2-cp310-cp310-manylinux_2_5_x86_64.manylinux1_x86_64.manylinux_2_12_x86_64.manylinux2010_x86_64.whl", hash = "sha256:3825717a42f1489fe4a24506eac2b7d59c8197c2ab615bc30cd150213f97e6e2"},
    {file = "zengl-1.2.2-cp310-cp310-musllinux_1_1_i686.whl", hash = "sha256:b5907c6800fb3c79eea516df120cfade1b4a58e3d946a15057adc6dc0c46455d"},
    {file = "zengl-1.2.2-cp310-cp310-musllinux_1_1_x86_64.whl", hash = "sha256:1b95e93a7abe2bcedfd9cc4e51f61c51aa8a8926bbf7cd2197d2f78afb0cc4a4"},
    {file = "zengl-1.2.2-cp310-cp310-win32.whl", hash = "sha256:27a2d3ecdaa022723d2c73de4df4e5981c6d3ee12d5a090b0efde59a8ea17327"},
    {file = "zengl-1.2.2-cp310-cp310-win_amd64.whl", hash = "sha256:8815f3dea71941908c8d482a76fb401532d4dcd30f473938215b427fb13bf61b"},
    {file = "zengl-1.2.2-cp36-cp36m-macosx_10_9_x86_64.whl", hash = "sha256:eee902906059c65849f65890d57d98b41776fed7238fc9939268181d51313763"},
    {file = "zengl-1.2.2-cp36-cp36m-manylinux_2_5_i686.manylinux1_i686.manylinux_2_12_i686.manylinux2010_i686.whl", hash = "sha256:8eb0bb15c90e4990f5f2b6df2861146c906e973ac9b5d3919955c7a9050d0646"},
    {file = "zengl-1.2.2-cp36-cp36m-manylinux_2_5_x86_64.manylinux1_x86_64.manylinux_2_12_x86_64.manylinux2010_x86_64.whl", hash = "sha256:cda2a02652c037cbb773b5292c57ce0a0c16f5f742f02fcb023b2371b451c0b3"},
    {file = "zengl-1.2.2-cp36-cp36m-musllinux_1_1_i686.whl", hash = "sha256:3a7a0f6c826b941dd99f41e35d5a55510a678288b81f88fd88662021b9b17ade"},
    {file = "zengl-1.2.2-cp36-cp36m-musllinux_1_1_x86_64.whl", hash = "sha256:2c0dcd860691fa09da93be83d32b06fae72b31dd4b800857fb43292bb21d6903"},
    {file = "zengl-1.2.2-cp36-cp36m-win32.whl", hash = "sha256:2004dd89a6329a49d70bd6524c4a16f2a53a7fc3d150b7be9ae080debb4f6627"},
    {file = "zengl-1.2.2-cp36-cp36m-win_amd64.whl", hash = "sha256:0f2bac5708cc9d1fb4cdfefd13f9201dd84092adde11bb6147d1a657556523b4"},
    {file = "zengl-1.2.2-cp37-cp37m-macosx_10_9_x86_64.whl", hash = "sha256:3ea3d4bd9553c5d592928d8baf45539b9a19e37ecb784aeb6e6ca08f463bd2d9"},
    {file = "zengl-1.2.2-cp37-cp37m-manylinux_2_5_i686.manylinux1_i686.manylinux_2_12_i686.manylinux2010_i686.whl", hash = "sha256:d7bf090ab4b5a1c27d8bcf87233c650895409299485d622d640138bc85861033"},
    {file = "zengl-1.2.2-cp37-cp37m-manylinux_2_5_x86_64.manylinux1_x86_64.manylinux_2_12_x86_64.manylinux2010_x86_64.whl", hash = "sha256:fc324af1cc60189eaf1a03b48b1d444c1179f2c3152a6659e3db1b82dac35446"},
    {file = "zengl-1.2.2-cp37-cp37m-musllinux_1_1_i686.whl", hash = "sha256:7def38684fe6a9f5d75c4a2c00a927dc7e3a3822343921b3754a6db0d970d775"},
    {file = "zengl-1.2.2-cp37-cp37m-musllinux_1_1_x86_64.whl", hash = "sha256:95b439a4e225aec84ac920f6d74a34dd98d999414bb1ca76a7fd6d01b7172f2b"},
    {file = "zengl-1.2.2-cp37-cp37m-win32.whl", hash = "sha256:8cd85cecf5ca428f436aeba68e7da4dfdecfae6af59973b6efb2390b02aca134"},
    {file = "zengl-1.2.2-cp37-cp37m-win_amd64.whl", hash = "sha256:60cf46b10c22ab09bcdd12776c506e91401b1d45bba1f46c503b1d988943b29d"},
    {file = "zengl-1.2.2-cp38-cp38-macosx_10_9_x86_64.whl", hash = "sha256:db1b761ef6a6c72ea26c8822767d579c028af09a6377573c12ee2dc6481c6bab"},
    {file = "zengl-1.2.2-cp38-cp38-manylinux_2_5_i686.manylinux1_i686.manylinux_2_12_i686.manylinux2010_i686.whl", hash = "sha256:6ef13dce78412baf8a2dab63632322d54aa3cd15ed702a76ff764923fb050e91"},
    {file = "zengl-1.2.2-cp38-cp38-manylinux_2_5_x86_64.manylinux1_x86_64.manylinux_2_12_x86_64.manylinux2010_x86_64.whl", hash = "sha256:e4b11ea764fb6fd20adaa20a20b2adece3d420429d6b458066e15c2ddd6b93bf"},
    {file = "zengl-1.2.2-cp38-cp38-musllinux_1_1_i686.whl", hash = "sha256:c566854883d23008b666c81b8df83381c63ce9b8abfd16daafc5c93c09717b50"},
    {file = "zengl-1.2.2-cp38-cp38-musllinux_1_1_x86_64.whl", hash = "sha256:c8c8a5a2eae6a8c5f82b54e0a0e51d8ae8ea5d5105a491989eda3d2fc707817a"},
    {file = "zengl-1.2.2-cp38-cp38-win32.whl", hash = "sha256:f463aaf94446533cad59e0e58615a1758f56a6edae1e12e5e972b181744976c2"},
    {file = "zengl-1.2.2-cp38-cp38-win_amd64.whl", hash = "sha256:b77bc259bb9acd2aca4772a5c5cfac850254f59e37b3c84b6a2b663acd2c4852"},
    {file = "zengl-1.2.2-cp39-cp39-macosx_10_9_x86_64.whl", hash = "sha256:ca3cc4583658fcd422e92a9524e2f4bd84af3553ab3fb38e214d34437f4753d6"},
    {file = "zengl-1.2.2-cp39-cp39-manylinux_2_5_i686.manylinux1_i686.manylinux_2_12_i686.manylinux2010_i686.whl", hash = "sha256:c66149c831b330f416f146936abe8c4d4e6cb30edde0e93c567e34b6fd0ecfd2"},
    {file = "zengl-1.2.2-cp39-cp39-manylinux_2_5_x86_64.manylinux1_x86_64.manylinux_2_12_x86_64.manylinux2010_x86_64.whl", hash = "sha256:11f0b3da36d8485bca30c8a6ce295e2fdcf2ad9606ca5e606409d00db1e40bd7"},
    {file = "zengl-1.2.2-cp39-cp39-musllinux_1_1_i686.whl", hash = "sha256:c695cfd4c35da070a2802794e6467a7578e9f5af33cc5d0125f0ca095333e066"},
    {file = "zengl-1.2.2-cp39-cp39-musllinux_1_1_x86_64.whl", hash = "sha256:2dbc115948689e0055e94d5f8ada51d33647095c0719c5c5220b06042df4396a"},
    {file = "zengl-1.2.2-cp39-cp39-win32.whl", hash = "sha256:ab5f331b5ba4c838449936bc83ff33602c3f65ae2519e7b237b3fa678766fd35"},
    {file = "zengl-1.2.2-cp39-cp39-win_amd64.whl", hash = "sha256:deef32215efe488ded11ad2ff14d2e225caac6f40883c4b3eb1213f714b8fcd0"},
    {file = "zengl-1.2.2-pp37-pypy37_pp73-macosx_10_9_x86_64.whl", hash = "sha256:82df92c0b66384e848e4c52ba7b87582faea06045043fc2fa550069d26ed8dec"},
    {file = "zengl-1.2.2-pp37-pypy37_pp73-manylinux_2_5_i686.manylinux1_i686.manylinux_2_12_i686.manylinux2010_i686.whl", hash = "sha256:065fb0a273d2fe9cb1c13839ca2ca5eb4c6a32a4929a6ebfd025b696ffcb23d6"},
    {file = "zengl-1.2.2-pp37-pypy37_pp73-manylinux_2_5_x86_64.manylinux1_x86_64.manylinux_2_12_x86_64.manylinux2010_x86_64.whl", hash = "sha256:d155b77d15badab2cc48d0577c5e51e3fa595395da7c99d0412eec4b2c222c4a"},
    {file = "zengl-1.2.2-pp37-pypy37_pp73-win_amd64.whl", hash = "sha256:724fc91428413c754f12dd5d08411e002acf97427f4de9482de087def6ae7bb8"},
    {file = "zengl-1.2.2.tar.gz", hash = "sha256:68ce5f142f5e2e20f83a30e557e31488ba01a71d857c09cfc0aaf7f7a5d5788e"},
]
zipp = [
    {file = "zipp-3.8.0-py3-none-any.whl", hash = "sha256:c4f6e5bbf48e74f7a38e7cc5b0480ff42b0ae5178957d564d18932525d5cf099"},
    {file = "zipp-3.8.0.tar.gz", hash = "sha256:56bf8aadb83c24db6c4b577e13de374ccfb67da2078beba1d037c17980bf43ad"},
]
